// !$*UTF8*$!
{
	archiveVersion = 1;
	classes = {
	};
	objectVersion = 56;
	objects = {

/* Begin PBXBuildFile section */
		630E3DA82A3D186C00499BBC /* VideoPicker.swift in Sources */ = {isa = PBXBuildFile; fileRef = 630E3DA72A3D186C00499BBC /* VideoPicker.swift */; };
		63BF56402A3C0C0900305CC6 /* MuxUploadSDK in Frameworks */ = {isa = PBXBuildFile; productRef = 63BF563F2A3C0C0900305CC6 /* MuxUploadSDK */; };
		63C0DC002981B07F00BA3ABC /* ll_mux_testApp.swift in Sources */ = {isa = PBXBuildFile; fileRef = 63C0DBFF2981B07F00BA3ABC /* ll_mux_testApp.swift */; };
		63C0DC022981B07F00BA3ABC /* ContentView.swift in Sources */ = {isa = PBXBuildFile; fileRef = 63C0DC012981B07F00BA3ABC /* ContentView.swift */; };
		63C0DC042981B08000BA3ABC /* Assets.xcassets in Resources */ = {isa = PBXBuildFile; fileRef = 63C0DC032981B08000BA3ABC /* Assets.xcassets */; };
		63C0DC072981B08000BA3ABC /* Preview Assets.xcassets in Resources */ = {isa = PBXBuildFile; fileRef = 63C0DC062981B08000BA3ABC /* Preview Assets.xcassets */; };
		63C0DC112981B08000BA3ABC /* ll_mux_testTests.swift in Sources */ = {isa = PBXBuildFile; fileRef = 63C0DC102981B08000BA3ABC /* ll_mux_testTests.swift */; };
		63C0DC1B2981B08000BA3ABC /* ll_mux_testUITests.swift in Sources */ = {isa = PBXBuildFile; fileRef = 63C0DC1A2981B08000BA3ABC /* ll_mux_testUITests.swift */; };
		63C0DC1D2981B08000BA3ABC /* ll_mux_testUITestsLaunchTests.swift in Sources */ = {isa = PBXBuildFile; fileRef = 63C0DC1C2981B08000BA3ABC /* ll_mux_testUITestsLaunchTests.swift */; };
/* End PBXBuildFile section */

/* Begin PBXContainerItemProxy section */
		63C0DC0D2981B08000BA3ABC /* PBXContainerItemProxy */ = {
			isa = PBXContainerItemProxy;
			containerPortal = 63C0DBF42981B07F00BA3ABC /* Project object */;
			proxyType = 1;
			remoteGlobalIDString = 63C0DBFB2981B07F00BA3ABC;
			remoteInfo = "ll-mux-test";
		};
		63C0DC172981B08000BA3ABC /* PBXContainerItemProxy */ = {
			isa = PBXContainerItemProxy;
			containerPortal = 63C0DBF42981B07F00BA3ABC /* Project object */;
			proxyType = 1;
			remoteGlobalIDString = 63C0DBFB2981B07F00BA3ABC;
			remoteInfo = "ll-mux-test";
		};
/* End PBXContainerItemProxy section */

/* Begin PBXFileReference section */
		630E3DA72A3D186C00499BBC /* VideoPicker.swift */ = {isa = PBXFileReference; lastKnownFileType = sourcecode.swift; path = VideoPicker.swift; sourceTree = "<group>"; };
		63C0DBFC2981B07F00BA3ABC /* ll-mux-test.app */ = {isa = PBXFileReference; explicitFileType = wrapper.application; includeInIndex = 0; path = "ll-mux-test.app"; sourceTree = BUILT_PRODUCTS_DIR; };
		63C0DBFF2981B07F00BA3ABC /* ll_mux_testApp.swift */ = {isa = PBXFileReference; lastKnownFileType = sourcecode.swift; path = ll_mux_testApp.swift; sourceTree = "<group>"; };
		63C0DC012981B07F00BA3ABC /* ContentView.swift */ = {isa = PBXFileReference; lastKnownFileType = sourcecode.swift; path = ContentView.swift; sourceTree = "<group>"; };
		63C0DC032981B08000BA3ABC /* Assets.xcassets */ = {isa = PBXFileReference; lastKnownFileType = folder.assetcatalog; path = Assets.xcassets; sourceTree = "<group>"; };
		63C0DC062981B08000BA3ABC /* Preview Assets.xcassets */ = {isa = PBXFileReference; lastKnownFileType = folder.assetcatalog; path = "Preview Assets.xcassets"; sourceTree = "<group>"; };
		63C0DC0C2981B08000BA3ABC /* ll-mux-testTests.xctest */ = {isa = PBXFileReference; explicitFileType = wrapper.cfbundle; includeInIndex = 0; path = "ll-mux-testTests.xctest"; sourceTree = BUILT_PRODUCTS_DIR; };
		63C0DC102981B08000BA3ABC /* ll_mux_testTests.swift */ = {isa = PBXFileReference; lastKnownFileType = sourcecode.swift; path = ll_mux_testTests.swift; sourceTree = "<group>"; };
		63C0DC162981B08000BA3ABC /* ll-mux-testUITests.xctest */ = {isa = PBXFileReference; explicitFileType = wrapper.cfbundle; includeInIndex = 0; path = "ll-mux-testUITests.xctest"; sourceTree = BUILT_PRODUCTS_DIR; };
		63C0DC1A2981B08000BA3ABC /* ll_mux_testUITests.swift */ = {isa = PBXFileReference; lastKnownFileType = sourcecode.swift; path = ll_mux_testUITests.swift; sourceTree = "<group>"; };
		63C0DC1C2981B08000BA3ABC /* ll_mux_testUITestsLaunchTests.swift */ = {isa = PBXFileReference; lastKnownFileType = sourcecode.swift; path = ll_mux_testUITestsLaunchTests.swift; sourceTree = "<group>"; };
/* End PBXFileReference section */

/* Begin PBXFrameworksBuildPhase section */
		63C0DBF92981B07F00BA3ABC /* Frameworks */ = {
			isa = PBXFrameworksBuildPhase;
			buildActionMask = 2147483647;
			files = (
				63BF56402A3C0C0900305CC6 /* MuxUploadSDK in Frameworks */,
			);
			runOnlyForDeploymentPostprocessing = 0;
		};
		63C0DC092981B08000BA3ABC /* Frameworks */ = {
			isa = PBXFrameworksBuildPhase;
			buildActionMask = 2147483647;
			files = (
			);
			runOnlyForDeploymentPostprocessing = 0;
		};
		63C0DC132981B08000BA3ABC /* Frameworks */ = {
			isa = PBXFrameworksBuildPhase;
			buildActionMask = 2147483647;
			files = (
			);
			runOnlyForDeploymentPostprocessing = 0;
		};
/* End PBXFrameworksBuildPhase section */

/* Begin PBXGroup section */
		63C0DBF32981B07F00BA3ABC = {
			isa = PBXGroup;
			children = (
				63C0DBFE2981B07F00BA3ABC /* ll-mux-test */,
				63C0DC0F2981B08000BA3ABC /* ll-mux-testTests */,
				63C0DC192981B08000BA3ABC /* ll-mux-testUITests */,
				63C0DBFD2981B07F00BA3ABC /* Products */,
			);
			sourceTree = "<group>";
		};
		63C0DBFD2981B07F00BA3ABC /* Products */ = {
			isa = PBXGroup;
			children = (
				63C0DBFC2981B07F00BA3ABC /* ll-mux-test.app */,
				63C0DC0C2981B08000BA3ABC /* ll-mux-testTests.xctest */,
				63C0DC162981B08000BA3ABC /* ll-mux-testUITests.xctest */,
			);
			name = Products;
			sourceTree = "<group>";
		};
		63C0DBFE2981B07F00BA3ABC /* ll-mux-test */ = {
			isa = PBXGroup;
			children = (
				63C0DBFF2981B07F00BA3ABC /* ll_mux_testApp.swift */,
				63C0DC012981B07F00BA3ABC /* ContentView.swift */,
				63C0DC032981B08000BA3ABC /* Assets.xcassets */,
				63C0DC052981B08000BA3ABC /* Preview Content */,
				630E3DA72A3D186C00499BBC /* VideoPicker.swift */,
			);
			path = "ll-mux-test";
			sourceTree = "<group>";
		};
		63C0DC052981B08000BA3ABC /* Preview Content */ = {
			isa = PBXGroup;
			children = (
				63C0DC062981B08000BA3ABC /* Preview Assets.xcassets */,
			);
			path = "Preview Content";
			sourceTree = "<group>";
		};
		63C0DC0F2981B08000BA3ABC /* ll-mux-testTests */ = {
			isa = PBXGroup;
			children = (
				63C0DC102981B08000BA3ABC /* ll_mux_testTests.swift */,
			);
			path = "ll-mux-testTests";
			sourceTree = "<group>";
		};
		63C0DC192981B08000BA3ABC /* ll-mux-testUITests */ = {
			isa = PBXGroup;
			children = (
				63C0DC1A2981B08000BA3ABC /* ll_mux_testUITests.swift */,
				63C0DC1C2981B08000BA3ABC /* ll_mux_testUITestsLaunchTests.swift */,
			);
			path = "ll-mux-testUITests";
			sourceTree = "<group>";
		};
/* End PBXGroup section */

/* Begin PBXNativeTarget section */
		63C0DBFB2981B07F00BA3ABC /* ll-mux-test */ = {
			isa = PBXNativeTarget;
			buildConfigurationList = 63C0DC202981B08000BA3ABC /* Build configuration list for PBXNativeTarget "ll-mux-test" */;
			buildPhases = (
				63C0DBF82981B07F00BA3ABC /* Sources */,
				63C0DBF92981B07F00BA3ABC /* Frameworks */,
				63C0DBFA2981B07F00BA3ABC /* Resources */,
			);
			buildRules = (
			);
			dependencies = (
			);
			name = "ll-mux-test";
			packageProductDependencies = (
				63BF563F2A3C0C0900305CC6 /* MuxUploadSDK */,
			);
			productName = "ll-mux-test";
			productReference = 63C0DBFC2981B07F00BA3ABC /* ll-mux-test.app */;
			productType = "com.apple.product-type.application";
		};
		63C0DC0B2981B08000BA3ABC /* ll-mux-testTests */ = {
			isa = PBXNativeTarget;
			buildConfigurationList = 63C0DC232981B08000BA3ABC /* Build configuration list for PBXNativeTarget "ll-mux-testTests" */;
			buildPhases = (
				63C0DC082981B08000BA3ABC /* Sources */,
				63C0DC092981B08000BA3ABC /* Frameworks */,
				63C0DC0A2981B08000BA3ABC /* Resources */,
			);
			buildRules = (
			);
			dependencies = (
				63C0DC0E2981B08000BA3ABC /* PBXTargetDependency */,
			);
			name = "ll-mux-testTests";
			productName = "ll-mux-testTests";
			productReference = 63C0DC0C2981B08000BA3ABC /* ll-mux-testTests.xctest */;
			productType = "com.apple.product-type.bundle.unit-test";
		};
		63C0DC152981B08000BA3ABC /* ll-mux-testUITests */ = {
			isa = PBXNativeTarget;
			buildConfigurationList = 63C0DC262981B08000BA3ABC /* Build configuration list for PBXNativeTarget "ll-mux-testUITests" */;
			buildPhases = (
				63C0DC122981B08000BA3ABC /* Sources */,
				63C0DC132981B08000BA3ABC /* Frameworks */,
				63C0DC142981B08000BA3ABC /* Resources */,
			);
			buildRules = (
			);
			dependencies = (
				63C0DC182981B08000BA3ABC /* PBXTargetDependency */,
			);
			name = "ll-mux-testUITests";
			productName = "ll-mux-testUITests";
			productReference = 63C0DC162981B08000BA3ABC /* ll-mux-testUITests.xctest */;
			productType = "com.apple.product-type.bundle.ui-testing";
		};
/* End PBXNativeTarget section */

/* Begin PBXProject section */
		63C0DBF42981B07F00BA3ABC /* Project object */ = {
			isa = PBXProject;
			attributes = {
				BuildIndependentTargetsInParallel = 1;
				LastSwiftUpdateCheck = 1410;
				LastUpgradeCheck = 1410;
				TargetAttributes = {
					63C0DBFB2981B07F00BA3ABC = {
						CreatedOnToolsVersion = 14.1;
					};
					63C0DC0B2981B08000BA3ABC = {
						CreatedOnToolsVersion = 14.1;
						TestTargetID = 63C0DBFB2981B07F00BA3ABC;
					};
					63C0DC152981B08000BA3ABC = {
						CreatedOnToolsVersion = 14.1;
						TestTargetID = 63C0DBFB2981B07F00BA3ABC;
					};
				};
			};
			buildConfigurationList = 63C0DBF72981B07F00BA3ABC /* Build configuration list for PBXProject "ll-mux-test" */;
			compatibilityVersion = "Xcode 14.0";
			developmentRegion = en;
			hasScannedForEncodings = 0;
			knownRegions = (
				en,
				Base,
			);
			mainGroup = 63C0DBF32981B07F00BA3ABC;
			packageReferences = (
				63BF563E2A3C0C0900305CC6 /* XCRemoteSwiftPackageReference "swift-upload-sdk" */,
			);
			productRefGroup = 63C0DBFD2981B07F00BA3ABC /* Products */;
			projectDirPath = "";
			projectRoot = "";
			targets = (
				63C0DBFB2981B07F00BA3ABC /* ll-mux-test */,
				63C0DC0B2981B08000BA3ABC /* ll-mux-testTests */,
				63C0DC152981B08000BA3ABC /* ll-mux-testUITests */,
			);
		};
/* End PBXProject section */

/* Begin PBXResourcesBuildPhase section */
		63C0DBFA2981B07F00BA3ABC /* Resources */ = {
			isa = PBXResourcesBuildPhase;
			buildActionMask = 2147483647;
			files = (
				63C0DC072981B08000BA3ABC /* Preview Assets.xcassets in Resources */,
				63C0DC042981B08000BA3ABC /* Assets.xcassets in Resources */,
			);
			runOnlyForDeploymentPostprocessing = 0;
		};
		63C0DC0A2981B08000BA3ABC /* Resources */ = {
			isa = PBXResourcesBuildPhase;
			buildActionMask = 2147483647;
			files = (
			);
			runOnlyForDeploymentPostprocessing = 0;
		};
		63C0DC142981B08000BA3ABC /* Resources */ = {
			isa = PBXResourcesBuildPhase;
			buildActionMask = 2147483647;
			files = (
			);
			runOnlyForDeploymentPostprocessing = 0;
		};
/* End PBXResourcesBuildPhase section */

/* Begin PBXSourcesBuildPhase section */
		63C0DBF82981B07F00BA3ABC /* Sources */ = {
			isa = PBXSourcesBuildPhase;
			buildActionMask = 2147483647;
			files = (
				630E3DA82A3D186C00499BBC /* VideoPicker.swift in Sources */,
				63C0DC022981B07F00BA3ABC /* ContentView.swift in Sources */,
				63C0DC002981B07F00BA3ABC /* ll_mux_testApp.swift in Sources */,
			);
			runOnlyForDeploymentPostprocessing = 0;
		};
		63C0DC082981B08000BA3ABC /* Sources */ = {
			isa = PBXSourcesBuildPhase;
			buildActionMask = 2147483647;
			files = (
				63C0DC112981B08000BA3ABC /* ll_mux_testTests.swift in Sources */,
			);
			runOnlyForDeploymentPostprocessing = 0;
		};
		63C0DC122981B08000BA3ABC /* Sources */ = {
			isa = PBXSourcesBuildPhase;
			buildActionMask = 2147483647;
			files = (
				63C0DC1B2981B08000BA3ABC /* ll_mux_testUITests.swift in Sources */,
				63C0DC1D2981B08000BA3ABC /* ll_mux_testUITestsLaunchTests.swift in Sources */,
			);
			runOnlyForDeploymentPostprocessing = 0;
		};
/* End PBXSourcesBuildPhase section */

/* Begin PBXTargetDependency section */
		63C0DC0E2981B08000BA3ABC /* PBXTargetDependency */ = {
			isa = PBXTargetDependency;
			target = 63C0DBFB2981B07F00BA3ABC /* ll-mux-test */;
			targetProxy = 63C0DC0D2981B08000BA3ABC /* PBXContainerItemProxy */;
		};
		63C0DC182981B08000BA3ABC /* PBXTargetDependency */ = {
			isa = PBXTargetDependency;
			target = 63C0DBFB2981B07F00BA3ABC /* ll-mux-test */;
			targetProxy = 63C0DC172981B08000BA3ABC /* PBXContainerItemProxy */;
		};
/* End PBXTargetDependency section */

/* Begin XCBuildConfiguration section */
		63C0DC1E2981B08000BA3ABC /* Debug */ = {
			isa = XCBuildConfiguration;
			buildSettings = {
				ALWAYS_SEARCH_USER_PATHS = NO;
				CLANG_ANALYZER_NONNULL = YES;
				CLANG_ANALYZER_NUMBER_OBJECT_CONVERSION = YES_AGGRESSIVE;
				CLANG_CXX_LANGUAGE_STANDARD = "gnu++20";
				CLANG_ENABLE_MODULES = YES;
				CLANG_ENABLE_OBJC_ARC = YES;
				CLANG_ENABLE_OBJC_WEAK = YES;
				CLANG_WARN_BLOCK_CAPTURE_AUTORELEASING = YES;
				CLANG_WARN_BOOL_CONVERSION = YES;
				CLANG_WARN_COMMA = YES;
				CLANG_WARN_CONSTANT_CONVERSION = YES;
				CLANG_WARN_DEPRECATED_OBJC_IMPLEMENTATIONS = YES;
				CLANG_WARN_DIRECT_OBJC_ISA_USAGE = YES_ERROR;
				CLANG_WARN_DOCUMENTATION_COMMENTS = YES;
				CLANG_WARN_EMPTY_BODY = YES;
				CLANG_WARN_ENUM_CONVERSION = YES;
				CLANG_WARN_INFINITE_RECURSION = YES;
				CLANG_WARN_INT_CONVERSION = YES;
				CLANG_WARN_NON_LITERAL_NULL_CONVERSION = YES;
				CLANG_WARN_OBJC_IMPLICIT_RETAIN_SELF = YES;
				CLANG_WARN_OBJC_LITERAL_CONVERSION = YES;
				CLANG_WARN_OBJC_ROOT_CLASS = YES_ERROR;
				CLANG_WARN_QUOTED_INCLUDE_IN_FRAMEWORK_HEADER = YES;
				CLANG_WARN_RANGE_LOOP_ANALYSIS = YES;
				CLANG_WARN_STRICT_PROTOTYPES = YES;
				CLANG_WARN_SUSPICIOUS_MOVE = YES;
				CLANG_WARN_UNGUARDED_AVAILABILITY = YES_AGGRESSIVE;
				CLANG_WARN_UNREACHABLE_CODE = YES;
				CLANG_WARN__DUPLICATE_METHOD_MATCH = YES;
				COPY_PHASE_STRIP = NO;
				DEBUG_INFORMATION_FORMAT = dwarf;
				ENABLE_STRICT_OBJC_MSGSEND = YES;
				ENABLE_TESTABILITY = YES;
				GCC_C_LANGUAGE_STANDARD = gnu11;
				GCC_DYNAMIC_NO_PIC = NO;
				GCC_NO_COMMON_BLOCKS = YES;
				GCC_OPTIMIZATION_LEVEL = 0;
				GCC_PREPROCESSOR_DEFINITIONS = (
					"DEBUG=1",
					"$(inherited)",
				);
				GCC_WARN_64_TO_32_BIT_CONVERSION = YES;
				GCC_WARN_ABOUT_RETURN_TYPE = YES_ERROR;
				GCC_WARN_UNDECLARED_SELECTOR = YES;
				GCC_WARN_UNINITIALIZED_AUTOS = YES_AGGRESSIVE;
				GCC_WARN_UNUSED_FUNCTION = YES;
				GCC_WARN_UNUSED_VARIABLE = YES;
				IPHONEOS_DEPLOYMENT_TARGET = 16.1;
				MTL_ENABLE_DEBUG_INFO = INCLUDE_SOURCE;
				MTL_FAST_MATH = YES;
				ONLY_ACTIVE_ARCH = YES;
				SDKROOT = iphoneos;
				SWIFT_ACTIVE_COMPILATION_CONDITIONS = DEBUG;
				SWIFT_OPTIMIZATION_LEVEL = "-Onone";
			};
			name = Debug;
		};
		63C0DC1F2981B08000BA3ABC /* Release */ = {
			isa = XCBuildConfiguration;
			buildSettings = {
				ALWAYS_SEARCH_USER_PATHS = NO;
				CLANG_ANALYZER_NONNULL = YES;
				CLANG_ANALYZER_NUMBER_OBJECT_CONVERSION = YES_AGGRESSIVE;
				CLANG_CXX_LANGUAGE_STANDARD = "gnu++20";
				CLANG_ENABLE_MODULES = YES;
				CLANG_ENABLE_OBJC_ARC = YES;
				CLANG_ENABLE_OBJC_WEAK = YES;
				CLANG_WARN_BLOCK_CAPTURE_AUTORELEASING = YES;
				CLANG_WARN_BOOL_CONVERSION = YES;
				CLANG_WARN_COMMA = YES;
				CLANG_WARN_CONSTANT_CONVERSION = YES;
				CLANG_WARN_DEPRECATED_OBJC_IMPLEMENTATIONS = YES;
				CLANG_WARN_DIRECT_OBJC_ISA_USAGE = YES_ERROR;
				CLANG_WARN_DOCUMENTATION_COMMENTS = YES;
				CLANG_WARN_EMPTY_BODY = YES;
				CLANG_WARN_ENUM_CONVERSION = YES;
				CLANG_WARN_INFINITE_RECURSION = YES;
				CLANG_WARN_INT_CONVERSION = YES;
				CLANG_WARN_NON_LITERAL_NULL_CONVERSION = YES;
				CLANG_WARN_OBJC_IMPLICIT_RETAIN_SELF = YES;
				CLANG_WARN_OBJC_LITERAL_CONVERSION = YES;
				CLANG_WARN_OBJC_ROOT_CLASS = YES_ERROR;
				CLANG_WARN_QUOTED_INCLUDE_IN_FRAMEWORK_HEADER = YES;
				CLANG_WARN_RANGE_LOOP_ANALYSIS = YES;
				CLANG_WARN_STRICT_PROTOTYPES = YES;
				CLANG_WARN_SUSPICIOUS_MOVE = YES;
				CLANG_WARN_UNGUARDED_AVAILABILITY = YES_AGGRESSIVE;
				CLANG_WARN_UNREACHABLE_CODE = YES;
				CLANG_WARN__DUPLICATE_METHOD_MATCH = YES;
				COPY_PHASE_STRIP = NO;
				DEBUG_INFORMATION_FORMAT = "dwarf-with-dsym";
				ENABLE_NS_ASSERTIONS = NO;
				ENABLE_STRICT_OBJC_MSGSEND = YES;
				GCC_C_LANGUAGE_STANDARD = gnu11;
				GCC_NO_COMMON_BLOCKS = YES;
				GCC_WARN_64_TO_32_BIT_CONVERSION = YES;
				GCC_WARN_ABOUT_RETURN_TYPE = YES_ERROR;
				GCC_WARN_UNDECLARED_SELECTOR = YES;
				GCC_WARN_UNINITIALIZED_AUTOS = YES_AGGRESSIVE;
				GCC_WARN_UNUSED_FUNCTION = YES;
				GCC_WARN_UNUSED_VARIABLE = YES;
				IPHONEOS_DEPLOYMENT_TARGET = 16.1;
				MTL_ENABLE_DEBUG_INFO = NO;
				MTL_FAST_MATH = YES;
				SDKROOT = iphoneos;
				SWIFT_COMPILATION_MODE = wholemodule;
				SWIFT_OPTIMIZATION_LEVEL = "-O";
				VALIDATE_PRODUCT = YES;
			};
			name = Release;
		};
		63C0DC212981B08000BA3ABC /* Debug */ = {
			isa = XCBuildConfiguration;
			buildSettings = {
				ASSETCATALOG_COMPILER_APPICON_NAME = AppIcon;
				ASSETCATALOG_COMPILER_GLOBAL_ACCENT_COLOR_NAME = AccentColor;
				CODE_SIGN_STYLE = Automatic;
				CURRENT_PROJECT_VERSION = 1;
				DEVELOPMENT_ASSET_PATHS = "\"ll-mux-test/Preview Content\"";
				ENABLE_PREVIEWS = YES;
				GENERATE_INFOPLIST_FILE = YES;
				INFOPLIST_KEY_UIApplicationSceneManifest_Generation = YES;
				INFOPLIST_KEY_UIApplicationSupportsIndirectInputEvents = YES;
				INFOPLIST_KEY_UILaunchScreen_Generation = YES;
				INFOPLIST_KEY_UISupportedInterfaceOrientations_iPad = "UIInterfaceOrientationPortrait UIInterfaceOrientationPortraitUpsideDown UIInterfaceOrientationLandscapeLeft UIInterfaceOrientationLandscapeRight";
				INFOPLIST_KEY_UISupportedInterfaceOrientations_iPhone = "UIInterfaceOrientationPortrait UIInterfaceOrientationLandscapeLeft UIInterfaceOrientationLandscapeRight";
				LD_RUNPATH_SEARCH_PATHS = (
					"$(inherited)",
					"@executable_path/Frameworks",
				);
				MARKETING_VERSION = 1.0;
				PRODUCT_BUNDLE_IDENTIFIER = "com.mux.ll-mux-test";
				PRODUCT_NAME = "$(TARGET_NAME)";
				SWIFT_EMIT_LOC_STRINGS = YES;
				SWIFT_VERSION = 5.0;
				TARGETED_DEVICE_FAMILY = "1,2";
			};
			name = Debug;
		};
		63C0DC222981B08000BA3ABC /* Release */ = {
			isa = XCBuildConfiguration;
			buildSettings = {
				ASSETCATALOG_COMPILER_APPICON_NAME = AppIcon;
				ASSETCATALOG_COMPILER_GLOBAL_ACCENT_COLOR_NAME = AccentColor;
				CODE_SIGN_STYLE = Automatic;
				CURRENT_PROJECT_VERSION = 1;
				DEVELOPMENT_ASSET_PATHS = "\"ll-mux-test/Preview Content\"";
				ENABLE_PREVIEWS = YES;
				GENERATE_INFOPLIST_FILE = YES;
				INFOPLIST_KEY_UIApplicationSceneManifest_Generation = YES;
				INFOPLIST_KEY_UIApplicationSupportsIndirectInputEvents = YES;
				INFOPLIST_KEY_UILaunchScreen_Generation = YES;
				INFOPLIST_KEY_UISupportedInterfaceOrientations_iPad = "UIInterfaceOrientationPortrait UIInterfaceOrientationPortraitUpsideDown UIInterfaceOrientationLandscapeLeft UIInterfaceOrientationLandscapeRight";
				INFOPLIST_KEY_UISupportedInterfaceOrientations_iPhone = "UIInterfaceOrientationPortrait UIInterfaceOrientationLandscapeLeft UIInterfaceOrientationLandscapeRight";
				LD_RUNPATH_SEARCH_PATHS = (
					"$(inherited)",
					"@executable_path/Frameworks",
				);
				MARKETING_VERSION = 1.0;
				PRODUCT_BUNDLE_IDENTIFIER = "com.mux.ll-mux-test";
				PRODUCT_NAME = "$(TARGET_NAME)";
				SWIFT_EMIT_LOC_STRINGS = YES;
				SWIFT_VERSION = 5.0;
				TARGETED_DEVICE_FAMILY = "1,2";
			};
			name = Release;
		};
		63C0DC242981B08000BA3ABC /* Debug */ = {
			isa = XCBuildConfiguration;
			buildSettings = {
				ALWAYS_EMBED_SWIFT_STANDARD_LIBRARIES = YES;
				BUNDLE_LOADER = "$(TEST_HOST)";
				CODE_SIGN_STYLE = Automatic;
				CURRENT_PROJECT_VERSION = 1;
				GENERATE_INFOPLIST_FILE = YES;
				IPHONEOS_DEPLOYMENT_TARGET = 16.1;
				MARKETING_VERSION = 1.0;
				PRODUCT_BUNDLE_IDENTIFIER = "com.mux.ll-mux-testTests";
				PRODUCT_NAME = "$(TARGET_NAME)";
				SWIFT_EMIT_LOC_STRINGS = NO;
				SWIFT_VERSION = 5.0;
				TARGETED_DEVICE_FAMILY = "1,2";
				TEST_HOST = "$(BUILT_PRODUCTS_DIR)/ll-mux-test.app/$(BUNDLE_EXECUTABLE_FOLDER_PATH)/ll-mux-test";
			};
			name = Debug;
		};
		63C0DC252981B08000BA3ABC /* Release */ = {
			isa = XCBuildConfiguration;
			buildSettings = {
				ALWAYS_EMBED_SWIFT_STANDARD_LIBRARIES = YES;
				BUNDLE_LOADER = "$(TEST_HOST)";
				CODE_SIGN_STYLE = Automatic;
				CURRENT_PROJECT_VERSION = 1;
				GENERATE_INFOPLIST_FILE = YES;
				IPHONEOS_DEPLOYMENT_TARGET = 16.1;
				MARKETING_VERSION = 1.0;
				PRODUCT_BUNDLE_IDENTIFIER = "com.mux.ll-mux-testTests";
				PRODUCT_NAME = "$(TARGET_NAME)";
				SWIFT_EMIT_LOC_STRINGS = NO;
				SWIFT_VERSION = 5.0;
				TARGETED_DEVICE_FAMILY = "1,2";
				TEST_HOST = "$(BUILT_PRODUCTS_DIR)/ll-mux-test.app/$(BUNDLE_EXECUTABLE_FOLDER_PATH)/ll-mux-test";
			};
			name = Release;
		};
		63C0DC272981B08000BA3ABC /* Debug */ = {
			isa = XCBuildConfiguration;
			buildSettings = {
				ALWAYS_EMBED_SWIFT_STANDARD_LIBRARIES = YES;
				CODE_SIGN_STYLE = Automatic;
				CURRENT_PROJECT_VERSION = 1;
				GENERATE_INFOPLIST_FILE = YES;
				MARKETING_VERSION = 1.0;
				PRODUCT_BUNDLE_IDENTIFIER = "com.mux.ll-mux-testUITests";
				PRODUCT_NAME = "$(TARGET_NAME)";
				SWIFT_EMIT_LOC_STRINGS = NO;
				SWIFT_VERSION = 5.0;
				TARGETED_DEVICE_FAMILY = "1,2";
				TEST_TARGET_NAME = "ll-mux-test";
			};
			name = Debug;
		};
		63C0DC282981B08000BA3ABC /* Release */ = {
			isa = XCBuildConfiguration;
			buildSettings = {
				ALWAYS_EMBED_SWIFT_STANDARD_LIBRARIES = YES;
				CODE_SIGN_STYLE = Automatic;
				CURRENT_PROJECT_VERSION = 1;
				GENERATE_INFOPLIST_FILE = YES;
				MARKETING_VERSION = 1.0;
				PRODUCT_BUNDLE_IDENTIFIER = "com.mux.ll-mux-testUITests";
				PRODUCT_NAME = "$(TARGET_NAME)";
				SWIFT_EMIT_LOC_STRINGS = NO;
				SWIFT_VERSION = 5.0;
				TARGETED_DEVICE_FAMILY = "1,2";
				TEST_TARGET_NAME = "ll-mux-test";
			};
			name = Release;
		};
/* End XCBuildConfiguration section */

/* Begin XCConfigurationList section */
		63C0DBF72981B07F00BA3ABC /* Build configuration list for PBXProject "ll-mux-test" */ = {
			isa = XCConfigurationList;
			buildConfigurations = (
				63C0DC1E2981B08000BA3ABC /* Debug */,
				63C0DC1F2981B08000BA3ABC /* Release */,
			);
			defaultConfigurationIsVisible = 0;
			defaultConfigurationName = Release;
		};
		63C0DC202981B08000BA3ABC /* Build configuration list for PBXNativeTarget "ll-mux-test" */ = {
			isa = XCConfigurationList;
			buildConfigurations = (
				63C0DC212981B08000BA3ABC /* Debug */,
				63C0DC222981B08000BA3ABC /* Release */,
			);
			defaultConfigurationIsVisible = 0;
			defaultConfigurationName = Release;
		};
		63C0DC232981B08000BA3ABC /* Build configuration list for PBXNativeTarget "ll-mux-testTests" */ = {
			isa = XCConfigurationList;
			buildConfigurations = (
				63C0DC242981B08000BA3ABC /* Debug */,
				63C0DC252981B08000BA3ABC /* Release */,
			);
			defaultConfigurationIsVisible = 0;
			defaultConfigurationName = Release;
		};
		63C0DC262981B08000BA3ABC /* Build configuration list for PBXNativeTarget "ll-mux-testUITests" */ = {
			isa = XCConfigurationList;
			buildConfigurations = (
				63C0DC272981B08000BA3ABC /* Debug */,
				63C0DC282981B08000BA3ABC /* Release */,
			);
			defaultConfigurationIsVisible = 0;
			defaultConfigurationName = Release;
		};
/* End XCConfigurationList section */

/* Begin XCRemoteSwiftPackageReference section */
		63BF563E2A3C0C0900305CC6 /* XCRemoteSwiftPackageReference "swift-upload-sdk" */ = {
			isa = XCRemoteSwiftPackageReference;
			repositoryURL = "https://github.com/muxinc/swift-upload-sdk";
			requirement = {
				branch = main;
				kind = branch;
			};
		};
/* End XCRemoteSwiftPackageReference section */

/* Begin XCSwiftPackageProductDependency section */
		63BF563F2A3C0C0900305CC6 /* MuxUploadSDK */ = {
			isa = XCSwiftPackageProductDependency;
			package = 63BF563E2A3C0C0900305CC6 /* XCRemoteSwiftPackageReference "swift-upload-sdk" */;
			productName = MuxUploadSDK;
		};
/* End XCSwiftPackageProductDependency section */
	};
	rootObject = 63C0DBF42981B07F00BA3ABC /* Project object */;
}
